Microsoft Visual Studio Solution File, Format Version 12.00
# Visual Studio 2012
Project("{FAE04EC0-301F-11D3-BF4B-00C04F79EFBC}") = "cubemap-creator", "cubemap-creator.csproj", "{BF3AD5C8-B18E-4421-AE79-43D727FA592F}"
EndProject
Global
	GlobalSection(SolutionConfigurationPlatforms) = preSolution
	Debug|Any CPU = Debug|Any CPU
	ExportDebug|Any CPU = ExportDebug|Any CPU
	ExportRelease|Any CPU = ExportRelease|Any CPU
	EndGlobalSection
	GlobalSection(ProjectConfigurationPlatforms) = postSolution
		{BF3AD5C8-B18E-4421-AE79-43D727FA592F}.Debug|Any CPU.ActiveCfg = Debug|Any CPU
		{BF3AD5C8-B18E-4421-AE79-43D727FA592F}.Debug|Any CPU.Build.0 = Debug|Any CPU
		{BF3AD5C8-B18E-4421-AE79-43D727FA592F}.ExportDebug|Any CPU.ActiveCfg = ExportDebug|Any CPU
		{BF3AD5C8-B18E-4421-AE79-43D727FA592F}.ExportDebug|Any CPU.Build.0 = ExportDebug|Any CPU
		{BF3AD5C8-B18E-4421-AE79-43D727FA592F}.ExportRelease|Any CPU.ActiveCfg = ExportRelease|Any CPU
		{BF3AD5C8-B18E-4421-AE79-43D727FA592F}.ExportRelease|Any CPU.Build.0 = ExportRelease|Any CPU
	EndGlobalSection
EndGlobal
